
Microsoft Visual Studio Solution File, Format Version 12.00
# Visual Studio Version 17
VisualStudioVersion = 17.1.32328.378
MinimumVisualStudioVersion = 10.0.40219.1
Project("{FAE04EC0-301F-11D3-BF4B-00C04F79EFBC}") = "CampIntro", "CampIntro\CampIntro.csproj", "{5FE852BE-D93F-4DD4-9267-4405E0BAF2F0}"
EndProject
Project("{FAE04EC0-301F-11D3-BF4B-00C04F79EFBC}") = "donguler", "donguler\donguler.csproj", "{D78B16C5-ED72-45E2-A567-0ECAE23F48FD}"
EndProject
Project("{FAE04EC0-301F-11D3-BF4B-00C04F79EFBC}") = "cokboyutludiziler", "cokboyutludiziler\cokboyutludiziler.csproj", "{653168C7-BCB9-4AB3-8EB7-32D6BB8334EA}"
EndProject
Project("{FAE04EC0-301F-11D3-BF4B-00C04F79EFBC}") = "classes", "classes\classes.csproj", "{2FFC8B12-8B84-4B52-A1C4-1421DA1B2AC3}"
EndProject
Global
	GlobalSection(SolutionConfigurationPlatforms) = preSolution
		Debug|Any CPU = Debug|Any CPU
		Release|Any CPU = Release|Any CPU
	EndGlobalSection
	GlobalSection(ProjectConfigurationPlatforms) = postSolution
		{5FE852BE-D93F-4DD4-9267-4405E0BAF2F0}.Debug|Any CPU.ActiveCfg = Debug|Any CPU
		{5FE852BE-D93F-4DD4-9267-4405E0BAF2F0}.Debug|Any CPU.Build.0 = Debug|Any CPU
		{5FE852BE-D93F-4DD4-9267-4405E0BAF2F0}.Release|Any CPU.ActiveCfg = Release|Any CPU
		{5FE852BE-D93F-4DD4-9267-4405E0BAF2F0}.Release|Any CPU.Build.0 = Release|Any CPU
		{D78B16C5-ED72-45E2-A567-0ECAE23F48FD}.Debug|Any CPU.ActiveCfg = Debug|Any CPU
		{D78B16C5-ED72-45E2-A567-0ECAE23F48FD}.Debug|Any CPU.Build.0 = Debug|Any CPU
		{D78B16C5-ED72-45E2-A567-0ECAE23F48FD}.Release|Any CPU.ActiveCfg = Release|Any CPU
		{D78B16C5-ED72-45E2-A567-0ECAE23F48FD}.Release|Any CPU.Build.0 = Release|Any CPU
		{653168C7-BCB9-4AB3-8EB7-32D6BB8334EA}.Debug|Any CPU.ActiveCfg = Debug|Any CPU
		{653168C7-BCB9-4AB3-8EB7-32D6BB8334EA}.Debug|Any CPU.Build.0 = Debug|Any CPU
		{653168C7-BCB9-4AB3-8EB7-32D6BB8334EA}.Release|Any CPU.ActiveCfg = Release|Any CPU
		{653168C7-BCB9-4AB3-8EB7-32D6BB8334EA}.Release|Any CPU.Build.0 = Release|Any CPU
		{2FFC8B12-8B84-4B52-A1C4-1421DA1B2AC3}.Debug|Any CPU.ActiveCfg = Debug|Any CPU
		{2FFC8B12-8B84-4B52-A1C4-1421DA1B2AC3}.Debug|Any CPU.Build.0 = Debug|Any CPU
		{2FFC8B12-8B84-4B52-A1C4-1421DA1B2AC3}.Release|Any CPU.ActiveCfg = Release|Any CPU
		{2FFC8B12-8B84-4B52-A1C4-1421DA1B2AC3}.Release|Any CPU.Build.0 = Release|Any CPU
	EndGlobalSection
	GlobalSection(SolutionProperties) = preSolution
		HideSolutionNode = FALSE
	EndGlobalSection
	GlobalSection(ExtensibilityGlobals) = postSolution
		SolutionGuid = {DFEA99D6-E203-4DC3-8F27-9DC67B3440FE}
	EndGlobalSection
EndGlobal
